
Microsoft Visual Studio Solution File, Format Version 12.00
# Visual Studio 15
VisualStudioVersion = 15.0.28307.1209
MinimumVisualStudioVersion = 10.0.40219.1
Project("{FAE04EC0-301F-11D3-BF4B-00C04F79EFBC}") = "certificacao-csharp-pt1", "certificacao-csharp-pt1\certificacao-csharp-pt1.csproj", "{8DFBD7C6-5C7D-46A3-A71E-7ED770033D9A}"
EndProject
Global
	GlobalSection(SolutionConfigurationPlatforms) = preSolution
		Debug|Any CPU = Debug|Any CPU
		Release|Any CPU = Release|Any CPU
	EndGlobalSection
	GlobalSection(ProjectConfigurationPlatforms) = postSolution
		{8DFBD7C6-5C7D-46A3-A71E-7ED770033D9A}.Debug|Any CPU.ActiveCfg = Debug|Any CPU
		{8DFBD7C6-5C7D-46A3-A71E-7ED770033D9A}.Debug|Any CPU.Build.0 = Debug|Any CPU
		{8DFBD7C6-5C7D-46A3-A71E-7ED770033D9A}.Release|Any CPU.ActiveCfg = Release|Any CPU
		{8DFBD7C6-5C7D-46A3-A71E-7ED770033D9A}.Release|Any CPU.Build.0 = Release|Any CPU
	EndGlobalSection
	GlobalSection(SolutionProperties) = preSolution
		HideSolutionNode = FALSE
	EndGlobalSection
	GlobalSection(ExtensibilityGlobals) = postSolution
		SolutionGuid = {B92CCF3C-CE1F-4293-B741-47C672CFA69C}
	EndGlobalSection
EndGlobal
