
Microsoft Visual Studio Solution File, Format Version 12.00
# Visual Studio 15
VisualStudioVersion = 15.0.26124.0
MinimumVisualStudioVersion = 15.0.26124.0
Project("{FAE04EC0-301F-11D3-BF4B-00C04F79EFBC}") = "StringLibrary", "StringLibrary\StringLibrary.csproj", "{BEEE37BC-6938-4C74-B6E1-B4F8CFB45073}"
EndProject
Project("{FAE04EC0-301F-11D3-BF4B-00C04F79EFBC}") = "ShowCase", "ShowCase\ShowCase.csproj", "{0415427F-3AD5-4557-BC6E-5EF079ACAF8B}"
EndProject
Project("{FAE04EC0-301F-11D3-BF4B-00C04F79EFBC}") = "StringLibraryTest", "StringLibraryTest\StringLibraryTest.csproj", "{2E50EDCA-2319-4C8C-87AC-60EB10ECB2D7}"
EndProject
Global
	GlobalSection(SolutionConfigurationPlatforms) = preSolution
		Debug|Any CPU = Debug|Any CPU
		Debug|x64 = Debug|x64
		Debug|x86 = Debug|x86
		Release|Any CPU = Release|Any CPU
		Release|x64 = Release|x64
		Release|x86 = Release|x86
	EndGlobalSection
	GlobalSection(SolutionProperties) = preSolution
		HideSolutionNode = FALSE
	EndGlobalSection
	GlobalSection(ProjectConfigurationPlatforms) = postSolution
		{BEEE37BC-6938-4C74-B6E1-B4F8CFB45073}.Debug|Any CPU.ActiveCfg = Debug|Any CPU
		{BEEE37BC-6938-4C74-B6E1-B4F8CFB45073}.Debug|Any CPU.Build.0 = Debug|Any CPU
		{BEEE37BC-6938-4C74-B6E1-B4F8CFB45073}.Debug|x64.ActiveCfg = Debug|Any CPU
		{BEEE37BC-6938-4C74-B6E1-B4F8CFB45073}.Debug|x64.Build.0 = Debug|Any CPU
		{BEEE37BC-6938-4C74-B6E1-B4F8CFB45073}.Debug|x86.ActiveCfg = Debug|Any CPU
		{BEEE37BC-6938-4C74-B6E1-B4F8CFB45073}.Debug|x86.Build.0 = Debug|Any CPU
		{BEEE37BC-6938-4C74-B6E1-B4F8CFB45073}.Release|Any CPU.ActiveCfg = Release|Any CPU
		{BEEE37BC-6938-4C74-B6E1-B4F8CFB45073}.Release|Any CPU.Build.0 = Release|Any CPU
		{BEEE37BC-6938-4C74-B6E1-B4F8CFB45073}.Release|x64.ActiveCfg = Release|Any CPU
		{BEEE37BC-6938-4C74-B6E1-B4F8CFB45073}.Release|x64.Build.0 = Release|Any CPU
		{BEEE37BC-6938-4C74-B6E1-B4F8CFB45073}.Release|x86.ActiveCfg = Release|Any CPU
		{BEEE37BC-6938-4C74-B6E1-B4F8CFB45073}.Release|x86.Build.0 = Release|Any CPU
		{0415427F-3AD5-4557-BC6E-5EF079ACAF8B}.Debug|Any CPU.ActiveCfg = Debug|Any CPU
		{0415427F-3AD5-4557-BC6E-5EF079ACAF8B}.Debug|Any CPU.Build.0 = Debug|Any CPU
		{0415427F-3AD5-4557-BC6E-5EF079ACAF8B}.Debug|x64.ActiveCfg = Debug|Any CPU
		{0415427F-3AD5-4557-BC6E-5EF079ACAF8B}.Debug|x64.Build.0 = Debug|Any CPU
		{0415427F-3AD5-4557-BC6E-5EF079ACAF8B}.Debug|x86.ActiveCfg = Debug|Any CPU
		{0415427F-3AD5-4557-BC6E-5EF079ACAF8B}.Debug|x86.Build.0 = Debug|Any CPU
		{0415427F-3AD5-4557-BC6E-5EF079ACAF8B}.Release|Any CPU.ActiveCfg = Release|Any CPU
		{0415427F-3AD5-4557-BC6E-5EF079ACAF8B}.Release|Any CPU.Build.0 = Release|Any CPU
		{0415427F-3AD5-4557-BC6E-5EF079ACAF8B}.Release|x64.ActiveCfg = Release|Any CPU
		{0415427F-3AD5-4557-BC6E-5EF079ACAF8B}.Release|x64.Build.0 = Release|Any CPU
		{0415427F-3AD5-4557-BC6E-5EF079ACAF8B}.Release|x86.ActiveCfg = Release|Any CPU
		{0415427F-3AD5-4557-BC6E-5EF079ACAF8B}.Release|x86.Build.0 = Release|Any CPU
		{2E50EDCA-2319-4C8C-87AC-60EB10ECB2D7}.Debug|Any CPU.ActiveCfg = Debug|Any CPU
		{2E50EDCA-2319-4C8C-87AC-60EB10ECB2D7}.Debug|Any CPU.Build.0 = Debug|Any CPU
		{2E50EDCA-2319-4C8C-87AC-60EB10ECB2D7}.Debug|x64.ActiveCfg = Debug|Any CPU
		{2E50EDCA-2319-4C8C-87AC-60EB10ECB2D7}.Debug|x64.Build.0 = Debug|Any CPU
		{2E50EDCA-2319-4C8C-87AC-60EB10ECB2D7}.Debug|x86.ActiveCfg = Debug|Any CPU
		{2E50EDCA-2319-4C8C-87AC-60EB10ECB2D7}.Debug|x86.Build.0 = Debug|Any CPU
		{2E50EDCA-2319-4C8C-87AC-60EB10ECB2D7}.Release|Any CPU.ActiveCfg = Release|Any CPU
		{2E50EDCA-2319-4C8C-87AC-60EB10ECB2D7}.Release|Any CPU.Build.0 = Release|Any CPU
		{2E50EDCA-2319-4C8C-87AC-60EB10ECB2D7}.Release|x64.ActiveCfg = Release|Any CPU
		{2E50EDCA-2319-4C8C-87AC-60EB10ECB2D7}.Release|x64.Build.0 = Release|Any CPU
		{2E50EDCA-2319-4C8C-87AC-60EB10ECB2D7}.Release|x86.ActiveCfg = Release|Any CPU
		{2E50EDCA-2319-4C8C-87AC-60EB10ECB2D7}.Release|x86.Build.0 = Release|Any CPU
	EndGlobalSection
EndGlobal
